// !$*UTF8*$!
{
	archiveVersion = 1;
	classes = {
	};
	objectVersion = 46;
	objects = {

/* Begin PBXBuildFile section */
		A28DD38E17C9192100487FCD /* Foundation.framework in Frameworks */ = {isa = PBXBuildFile; fileRef = A28DD38D17C9192100487FCD /* Foundation.framework */; };
		A28DD39117C9192100487FCD /* main.mm in Sources */ = {isa = PBXBuildFile; fileRef = A28DD39017C9192100487FCD /* main.mm */; };
		A28DD39C17C92D8200487FCD /* ApplicationServices.framework in Frameworks */ = {isa = PBXBuildFile; fileRef = A28DD39B17C92D8200487FCD /* ApplicationServices.framework */; };
		A28DD39E17C9366500487FCD /* libsteam.dylib in Frameworks */ = {isa = PBXBuildFile; fileRef = A28DD39D17C9366500487FCD /* libsteam.dylib */; settings = {ATTRIBUTES = (Weak, ); }; };
		A28DD3A017C936F900487FCD /* steamclient.dylib in Frameworks */ = {isa = PBXBuildFile; fileRef = A28DD39F17C936F900487FCD /* steamclient.dylib */; settings = {ATTRIBUTES = (Weak, ); }; };
		A28DD3A217C93B0C00487FCD /* libsteam_api.dylib in Frameworks */ = {isa = PBXBuildFile; fileRef = A28DD3A117C93B0C00487FCD /* libsteam_api.dylib */; settings = {ATTRIBUTES = (Weak, ); }; };
		A28DD3A517C9A07300487FCD /* LZMAExtractor.m in Sources */ = {isa = PBXBuildFile; fileRef = A28DD3A417C9A07300487FCD /* LZMAExtractor.m */; };
		A28DD3AE17C9A22A00487FCD /* liblib7zip.a in Frameworks */ = {isa = PBXBuildFile; fileRef = A28DD3AA17C9A21700487FCD /* liblib7zip.a */; };
		A28DD3D517C9A2E900487FCD /* 7zBuf.c in Sources */ = {isa = PBXBuildFile; fileRef = A28DD3B117C9A2BE00487FCD /* 7zBuf.c */; };
		A28DD3D617C9A2E900487FCD /* 7zBuf2.c in Sources */ = {isa = PBXBuildFile; fileRef = A28DD3B317C9A2BE00487FCD /* 7zBuf2.c */; };
		A28DD3D717C9A2E900487FCD /* 7zDec.c in Sources */ = {isa = PBXBuildFile; fileRef = A28DD3B417C9A2BE00487FCD /* 7zDec.c */; };
		A28DD3D817C9A2E900487FCD /* 7zFile.c in Sources */ = {isa = PBXBuildFile; fileRef = A28DD3B517C9A2BE00487FCD /* 7zFile.c */; };
		A28DD3D917C9A2E900487FCD /* 7zIn.c in Sources */ = {isa = PBXBuildFile; fileRef = A28DD3B717C9A2BE00487FCD /* 7zIn.c */; };
		A28DD3DA17C9A2E900487FCD /* 7zStream.c in Sources */ = {isa = PBXBuildFile; fileRef = A28DD3B817C9A2BE00487FCD /* 7zStream.c */; };
		A28DD3DB17C9A2E900487FCD /* Alloc.c in Sources */ = {isa = PBXBuildFile; fileRef = A28DD3BA17C9A2BE00487FCD /* Alloc.c */; };
		A28DD3DC17C9A2E900487FCD /* CpuArch.c in Sources */ = {isa = PBXBuildFile; fileRef = A28DD3BC17C9A2BE00487FCD /* CpuArch.c */; };
		A28DD3DD17C9A2E900487FCD /* Delta.c in Sources */ = {isa = PBXBuildFile; fileRef = A28DD3BE17C9A2BE00487FCD /* Delta.c */; };
		A28DD3DE17C9A2E900487FCD /* Lzma2Dec.c in Sources */ = {isa = PBXBuildFile; fileRef = A28DD3C117C9A2BE00487FCD /* Lzma2Dec.c */; };
		A28DD3DF17C9A2E900487FCD /* LzmaDec.c in Sources */ = {isa = PBXBuildFile; fileRef = A28DD3C317C9A2BE00487FCD /* LzmaDec.c */; };
		A28DD3E117C9A2E900487FCD /* Ppmd7.c in Sources */ = {isa = PBXBuildFile; fileRef = A28DD3C817C9A2BF00487FCD /* Ppmd7.c */; };
		A28DD3E217C9A2E900487FCD /* Ppmd7Dec.c in Sources */ = {isa = PBXBuildFile; fileRef = A28DD3CA17C9A2BF00487FCD /* Ppmd7Dec.c */; };
		A28DD3E317C9A2E900487FCD /* Ppmd8.c in Sources */ = {isa = PBXBuildFile; fileRef = A28DD3CB17C9A2BF00487FCD /* Ppmd8.c */; };
		A28DD3E417C9A2E900487FCD /* Ppmd8Dec.c in Sources */ = {isa = PBXBuildFile; fileRef = A28DD3CD17C9A2BF00487FCD /* Ppmd8Dec.c */; };
		A28DD3E517C9A30D00487FCD /* 7zAlloc.c in Sources */ = {isa = PBXBuildFile; fileRef = A28DD3D217C9A2BF00487FCD /* 7zAlloc.c */; };
		A28DD3E617C9A30D00487FCD /* 7zMain.c in Sources */ = {isa = PBXBuildFile; fileRef = A28DD3D417C9A2BF00487FCD /* 7zMain.c */; };
		A28DD40D17C9AE8F00487FCD /* shortcut.icns in Resources */ = {isa = PBXBuildFile; fileRef = A28DD40A17C9AE8F00487FCD /* shortcut.icns */; };
		A28DD41017C9AEE100487FCD /* run.sh in CopyFiles */ = {isa = PBXBuildFile; fileRef = A28DD40917C9AE8F00487FCD /* run.sh */; };
		A28DD41117C9AEE700487FCD /* steam_appid.txt in CopyFiles */ = {isa = PBXBuildFile; fileRef = A28DD40B17C9AE8F00487FCD /* steam_appid.txt */; };
		A28DD41417C9AEF400487FCD /* CivVMacWorkshop in CopyFiles */ = {isa = PBXBuildFile; fileRef = A28DD38A17C9192100487FCD /* CivVMacWorkshop */; };
/* End PBXBuildFile section */

/* Begin PBXContainerItemProxy section */
		A28DD3E717C9A35D00487FCD /* PBXContainerItemProxy */ = {
			isa = PBXContainerItemProxy;
			containerPortal = A28DD38217C9192100487FCD /* Project object */;
			proxyType = 1;
			remoteGlobalIDString = A28DD3A917C9A21700487FCD;
			remoteInfo = lib7zip;
		};
		A28DD41217C9AEED00487FCD /* PBXContainerItemProxy */ = {
			isa = PBXContainerItemProxy;
			containerPortal = A28DD38217C9192100487FCD /* Project object */;
			proxyType = 1;
			remoteGlobalIDString = A28DD38917C9192100487FCD;
			remoteInfo = CivVMacWorkshop;
		};
/* End PBXContainerItemProxy section */

/* Begin PBXCopyFilesBuildPhase section */
		A28DD38817C9192100487FCD /* CopyFiles */ = {
			isa = PBXCopyFilesBuildPhase;
			buildActionMask = 2147483647;
			dstPath = /usr/share/man/man1/;
			dstSubfolderSpec = 0;
			files = (
			);
			runOnlyForDeploymentPostprocessing = 1;
		};
		A28DD40F17C9AECE00487FCD /* CopyFiles */ = {
			isa = PBXCopyFilesBuildPhase;
			buildActionMask = 2147483647;
			dstPath = "";
			dstSubfolderSpec = 6;
			files = (
				A28DD41417C9AEF400487FCD /* CivVMacWorkshop in CopyFiles */,
				A28DD41117C9AEE700487FCD /* steam_appid.txt in CopyFiles */,
				A28DD41017C9AEE100487FCD /* run.sh in CopyFiles */,
			);
			runOnlyForDeploymentPostprocessing = 0;
		};
/* End PBXCopyFilesBuildPhase section */

/* Begin PBXFileReference section */
		A28DD38A17C9192100487FCD /* CivVMacWorkshop */ = {isa = PBXFileReference; explicitFileType = "compiled.mach-o.executable"; includeInIndex = 0; path = CivVMacWorkshop; sourceTree = BUILT_PRODUCTS_DIR; };
		A28DD38D17C9192100487FCD /* Foundation.framework */ = {isa = PBXFileReference; lastKnownFileType = wrapper.framework; name = Foundation.framework; path = System/Library/Frameworks/Foundation.framework; sourceTree = SDKROOT; };
		A28DD39017C9192100487FCD /* main.mm */ = {isa = PBXFileReference; lastKnownFileType = sourcecode.cpp.objcpp; path = main.mm; sourceTree = "<group>"; };
		A28DD39317C9192100487FCD /* CivVMacWorkshop-Prefix.pch */ = {isa = PBXFileReference; lastKnownFileType = sourcecode.c.h; path = "CivVMacWorkshop-Prefix.pch"; sourceTree = "<group>"; };
		A28DD39B17C92D8200487FCD /* ApplicationServices.framework */ = {isa = PBXFileReference; lastKnownFileType = wrapper.framework; name = ApplicationServices.framework; path = System/Library/Frameworks/ApplicationServices.framework; sourceTree = SDKROOT; };
		A28DD39D17C9366500487FCD /* libsteam.dylib */ = {isa = PBXFileReference; lastKnownFileType = "compiled.mach-o.dylib"; name = libsteam.dylib; path = /Applications/Steam.app/Contents/MacOS/osx32/libsteam.dylib; sourceTree = "<absolute>"; };
		A28DD39F17C936F900487FCD /* steamclient.dylib */ = {isa = PBXFileReference; lastKnownFileType = "compiled.mach-o.dylib"; name = steamclient.dylib; path = /Applications/Steam.app/Contents/MacOS/osx32/steamclient.dylib; sourceTree = "<absolute>"; };
		A28DD3A117C93B0C00487FCD /* libsteam_api.dylib */ = {isa = PBXFileReference; lastKnownFileType = "compiled.mach-o.dylib"; name = libsteam_api.dylib; path = "/Users/brad/Projects/CivVMacWorkshop/../../Library/Application Support/Steam/SteamApps/common/Sid Meier's Civilization V/Civilization V.app/Contents/MacOS/libsteam_api.dylib"; sourceTree = "<absolute>"; };
		A28DD3A417C9A07300487FCD /* LZMAExtractor.m */ = {isa = PBXFileReference; lastKnownFileType = sourcecode.c.objc; name = LZMAExtractor.m; path = ../7zip/Classes/LZMASDK/LZMAExtractor.m; sourceTree = "<group>"; };
		A28DD3AA17C9A21700487FCD /* liblib7zip.a */ = {isa = PBXFileReference; explicitFileType = archive.ar; includeInIndex = 0; path = liblib7zip.a; sourceTree = BUILT_PRODUCTS_DIR; };
		A28DD3B017C9A2BE00487FCD /* 7z.h */ = {isa = PBXFileReference; lastKnownFileType = sourcecode.c.h; path = 7z.h; sourceTree = "<group>"; };
		A28DD3B117C9A2BE00487FCD /* 7zBuf.c */ = {isa = PBXFileReference; lastKnownFileType = sourcecode.c.c; path = 7zBuf.c; sourceTree = "<group>"; };
		A28DD3B217C9A2BE00487FCD /* 7zBuf.h */ = {isa = PBXFileReference; lastKnownFileType = sourcecode.c.h; path = 7zBuf.h; sourceTree = "<group>"; };
		A28DD3B317C9A2BE00487FCD /* 7zBuf2.c */ = {isa = PBXFileReference; lastKnownFileType = sourcecode.c.c; path = 7zBuf2.c; sourceTree = "<group>"; };
		A28DD3B417C9A2BE00487FCD /* 7zDec.c */ = {isa = PBXFileReference; lastKnownFileType = sourcecode.c.c; path = 7zDec.c; sourceTree = "<group>"; };
		A28DD3B517C9A2BE00487FCD /* 7zFile.c */ = {isa = PBXFileReference; lastKnownFileType = sourcecode.c.c; path = 7zFile.c; sourceTree = "<group>"; };
		A28DD3B617C9A2BE00487FCD /* 7zFile.h */ = {isa = PBXFileReference; lastKnownFileType = sourcecode.c.h; path = 7zFile.h; sourceTree = "<group>"; };
		A28DD3B717C9A2BE00487FCD /* 7zIn.c */ = {isa = PBXFileReference; lastKnownFileType = sourcecode.c.c; path = 7zIn.c; sourceTree = "<group>"; };
		A28DD3B817C9A2BE00487FCD /* 7zStream.c */ = {isa = PBXFileReference; lastKnownFileType = sourcecode.c.c; path = 7zStream.c; sourceTree = "<group>"; };
		A28DD3B917C9A2BE00487FCD /* 7zVersion.h */ = {isa = PBXFileReference; lastKnownFileType = sourcecode.c.h; path = 7zVersion.h; sourceTree = "<group>"; };
		A28DD3BA17C9A2BE00487FCD /* Alloc.c */ = {isa = PBXFileReference; lastKnownFileType = sourcecode.c.c; path = Alloc.c; sourceTree = "<group>"; };
		A28DD3BB17C9A2BE00487FCD /* Alloc.h */ = {isa = PBXFileReference; lastKnownFileType = sourcecode.c.h; path = Alloc.h; sourceTree = "<group>"; };
		A28DD3BC17C9A2BE00487FCD /* CpuArch.c */ = {isa = PBXFileReference; lastKnownFileType = sourcecode.c.c; path = CpuArch.c; sourceTree = "<group>"; };
		A28DD3BD17C9A2BE00487FCD /* CpuArch.h */ = {isa = PBXFileReference; lastKnownFileType = sourcecode.c.h; path = CpuArch.h; sourceTree = "<group>"; };
		A28DD3BE17C9A2BE00487FCD /* Delta.c */ = {isa = PBXFileReference; lastKnownFileType = sourcecode.c.c; path = Delta.c; sourceTree = "<group>"; };
		A28DD3BF17C9A2BE00487FCD /* Delta.h */ = {isa = PBXFileReference; lastKnownFileType = sourcecode.c.h; path = Delta.h; sourceTree = "<group>"; };
		A28DD3C017C9A2BE00487FCD /* LzHash.h */ = {isa = PBXFileReference; lastKnownFileType = sourcecode.c.h; path = LzHash.h; sourceTree = "<group>"; };
		A28DD3C117C9A2BE00487FCD /* Lzma2Dec.c */ = {isa = PBXFileReference; lastKnownFileType = sourcecode.c.c; path = Lzma2Dec.c; sourceTree = "<group>"; };
		A28DD3C217C9A2BE00487FCD /* Lzma2Dec.h */ = {isa = PBXFileReference; lastKnownFileType = sourcecode.c.h; path = Lzma2Dec.h; sourceTree = "<group>"; };
		A28DD3C317C9A2BE00487FCD /* LzmaDec.c */ = {isa = PBXFileReference; lastKnownFileType = sourcecode.c.c; path = LzmaDec.c; sourceTree = "<group>"; };
		A28DD3C417C9A2BE00487FCD /* LzmaDec.h */ = {isa = PBXFileReference; lastKnownFileType = sourcecode.c.h; path = LzmaDec.h; sourceTree = "<group>"; };
		A28DD3C517C9A2BE00487FCD /* LZMAExtractor.h */ = {isa = PBXFileReference; lastKnownFileType = sourcecode.c.h; path = LZMAExtractor.h; sourceTree = "<group>"; };
		A28DD3C617C9A2BE00487FCD /* LZMAExtractor.m */ = {isa = PBXFileReference; lastKnownFileType = sourcecode.c.objc; path = LZMAExtractor.m; sourceTree = "<group>"; };
		A28DD3C717C9A2BE00487FCD /* Ppmd.h */ = {isa = PBXFileReference; lastKnownFileType = sourcecode.c.h; path = Ppmd.h; sourceTree = "<group>"; };
		A28DD3C817C9A2BF00487FCD /* Ppmd7.c */ = {isa = PBXFileReference; lastKnownFileType = sourcecode.c.c; path = Ppmd7.c; sourceTree = "<group>"; };
		A28DD3C917C9A2BF00487FCD /* Ppmd7.h */ = {isa = PBXFileReference; lastKnownFileType = sourcecode.c.h; path = Ppmd7.h; sourceTree = "<group>"; };
		A28DD3CA17C9A2BF00487FCD /* Ppmd7Dec.c */ = {isa = PBXFileReference; lastKnownFileType = sourcecode.c.c; path = Ppmd7Dec.c; sourceTree = "<group>"; };
		A28DD3CB17C9A2BF00487FCD /* Ppmd8.c */ = {isa = PBXFileReference; lastKnownFileType = sourcecode.c.c; path = Ppmd8.c; sourceTree = "<group>"; };
		A28DD3CC17C9A2BF00487FCD /* Ppmd8.h */ = {isa = PBXFileReference; lastKnownFileType = sourcecode.c.h; path = Ppmd8.h; sourceTree = "<group>"; };
		A28DD3CD17C9A2BF00487FCD /* Ppmd8Dec.c */ = {isa = PBXFileReference; lastKnownFileType = sourcecode.c.c; path = Ppmd8Dec.c; sourceTree = "<group>"; };
		A28DD3CE17C9A2BF00487FCD /* RotateDefs.h */ = {isa = PBXFileReference; lastKnownFileType = sourcecode.c.h; path = RotateDefs.h; sourceTree = "<group>"; };
		A28DD3CF17C9A2BF00487FCD /* Types.h */ = {isa = PBXFileReference; lastKnownFileType = sourcecode.c.h; path = Types.h; sourceTree = "<group>"; };
		A28DD3D217C9A2BF00487FCD /* 7zAlloc.c */ = {isa = PBXFileReference; lastKnownFileType = sourcecode.c.c; path = 7zAlloc.c; sourceTree = "<group>"; };
		A28DD3D317C9A2BF00487FCD /* 7zAlloc.h */ = {isa = PBXFileReference; lastKnownFileType = sourcecode.c.h; path = 7zAlloc.h; sourceTree = "<group>"; };
		A28DD3D417C9A2BF00487FCD /* 7zMain.c */ = {isa = PBXFileReference; lastKnownFileType = sourcecode.c.c; path = 7zMain.c; sourceTree = "<group>"; };
		A28DD3ED17C9ADB700487FCD /* CivV+Workshop.app */ = {isa = PBXFileReference; explicitFileType = wrapper.application; includeInIndex = 0; path = "CivV+Workshop.app"; sourceTree = BUILT_PRODUCTS_DIR; };
		A28DD3EE17C9ADB700487FCD /* Cocoa.framework */ = {isa = PBXFileReference; lastKnownFileType = wrapper.framework; name = Cocoa.framework; path = System/Library/Frameworks/Cocoa.framework; sourceTree = SDKROOT; };
		A28DD3F117C9ADB700487FCD /* AppKit.framework */ = {isa = PBXFileReference; lastKnownFileType = wrapper.framework; name = AppKit.framework; path = System/Library/Frameworks/AppKit.framework; sourceTree = SDKROOT; };
		A28DD3F217C9ADB700487FCD /* CoreData.framework */ = {isa = PBXFileReference; lastKnownFileType = wrapper.framework; name = CoreData.framework; path = System/Library/Frameworks/CoreData.framework; sourceTree = SDKROOT; };
		A28DD3F317C9ADB700487FCD /* Foundation.framework */ = {isa = PBXFileReference; lastKnownFileType = wrapper.framework; name = Foundation.framework; path = System/Library/Frameworks/Foundation.framework; sourceTree = SDKROOT; };
		A28DD3F617C9ADB700487FCD /* CivV+Workshop-Info.plist */ = {isa = PBXFileReference; lastKnownFileType = text.plist.xml; path = "CivV+Workshop-Info.plist"; sourceTree = "<group>"; };
		A28DD40917C9AE8F00487FCD /* run.sh */ = {isa = PBXFileReference; fileEncoding = 4; lastKnownFileType = text.script.sh; path = run.sh; sourceTree = "<group>"; };
		A28DD40A17C9AE8F00487FCD /* shortcut.icns */ = {isa = PBXFileReference; lastKnownFileType = image.icns; path = shortcut.icns; sourceTree = "<group>"; };
		A28DD40B17C9AE8F00487FCD /* steam_appid.txt */ = {isa = PBXFileReference; fileEncoding = 4; lastKnownFileType = text; path = steam_appid.txt; sourceTree = "<group>"; };
/* End PBXFileReference section */

/* Begin PBXFrameworksBuildPhase section */
		A28DD38717C9192100487FCD /* Frameworks */ = {
			isa = PBXFrameworksBuildPhase;
			buildActionMask = 2147483647;
			files = (
				A28DD3AE17C9A22A00487FCD /* liblib7zip.a in Frameworks */,
				A28DD3A217C93B0C00487FCD /* libsteam_api.dylib in Frameworks */,
				A28DD3A017C936F900487FCD /* steamclient.dylib in Frameworks */,
				A28DD39E17C9366500487FCD /* libsteam.dylib in Frameworks */,
				A28DD39C17C92D8200487FCD /* ApplicationServices.framework in Frameworks */,
				A28DD38E17C9192100487FCD /* Foundation.framework in Frameworks */,
			);
			runOnlyForDeploymentPostprocessing = 0;
		};
		A28DD3A717C9A21700487FCD /* Frameworks */ = {
			isa = PBXFrameworksBuildPhase;
			buildActionMask = 2147483647;
			files = (
			);
			runOnlyForDeploymentPostprocessing = 0;
		};
		A28DD3EA17C9ADB700487FCD /* Frameworks */ = {
			isa = PBXFrameworksBuildPhase;
			buildActionMask = 2147483647;
			files = (
			);
			runOnlyForDeploymentPostprocessing = 0;
		};
/* End PBXFrameworksBuildPhase section */

/* Begin PBXGroup section */
		A28DD38117C9192100487FCD = {
			isa = PBXGroup;
			children = (
				A28DD3A317C93BCF00487FCD /* Steam Libs */,
				A28DD3AF17C9A2BE00487FCD /* LZMASDK */,
				A28DD38F17C9192100487FCD /* CivVMacWorkshop */,
				A28DD3F417C9ADB700487FCD /* CivV+Workshop */,
				A28DD38C17C9192100487FCD /* Frameworks */,
				A28DD38B17C9192100487FCD /* Products */,
			);
			sourceTree = "<group>";
		};
		A28DD38B17C9192100487FCD /* Products */ = {
			isa = PBXGroup;
			children = (
				A28DD38A17C9192100487FCD /* CivVMacWorkshop */,
				A28DD3AA17C9A21700487FCD /* liblib7zip.a */,
				A28DD3ED17C9ADB700487FCD /* CivV+Workshop.app */,
			);
			name = Products;
			sourceTree = "<group>";
		};
		A28DD38C17C9192100487FCD /* Frameworks */ = {
			isa = PBXGroup;
			children = (
				A28DD39B17C92D8200487FCD /* ApplicationServices.framework */,
				A28DD38D17C9192100487FCD /* Foundation.framework */,
				A28DD3EE17C9ADB700487FCD /* Cocoa.framework */,
				A28DD3F017C9ADB700487FCD /* Other Frameworks */,
			);
			name = Frameworks;
			sourceTree = "<group>";
		};
		A28DD38F17C9192100487FCD /* CivVMacWorkshop */ = {
			isa = PBXGroup;
			children = (
				A28DD39017C9192100487FCD /* main.mm */,
				A28DD39217C9192100487FCD /* Supporting Files */,
			);
			path = CivVMacWorkshop;
			sourceTree = "<group>";
		};
		A28DD39217C9192100487FCD /* Supporting Files */ = {
			isa = PBXGroup;
			children = (
				A28DD3A417C9A07300487FCD /* LZMAExtractor.m */,
				A28DD39317C9192100487FCD /* CivVMacWorkshop-Prefix.pch */,
			);
			name = "Supporting Files";
			sourceTree = "<group>";
		};
		A28DD3A317C93BCF00487FCD /* Steam Libs */ = {
			isa = PBXGroup;
			children = (
				A28DD3A117C93B0C00487FCD /* libsteam_api.dylib */,
				A28DD39F17C936F900487FCD /* steamclient.dylib */,
				A28DD39D17C9366500487FCD /* libsteam.dylib */,
			);
			name = "Steam Libs";
			sourceTree = "<group>";
		};
		A28DD3AF17C9A2BE00487FCD /* LZMASDK */ = {
			isa = PBXGroup;
			children = (
				A28DD3B017C9A2BE00487FCD /* 7z.h */,
				A28DD3B117C9A2BE00487FCD /* 7zBuf.c */,
				A28DD3B217C9A2BE00487FCD /* 7zBuf.h */,
				A28DD3B317C9A2BE00487FCD /* 7zBuf2.c */,
				A28DD3B417C9A2BE00487FCD /* 7zDec.c */,
				A28DD3B517C9A2BE00487FCD /* 7zFile.c */,
				A28DD3B617C9A2BE00487FCD /* 7zFile.h */,
				A28DD3B717C9A2BE00487FCD /* 7zIn.c */,
				A28DD3B817C9A2BE00487FCD /* 7zStream.c */,
				A28DD3B917C9A2BE00487FCD /* 7zVersion.h */,
				A28DD3BA17C9A2BE00487FCD /* Alloc.c */,
				A28DD3BB17C9A2BE00487FCD /* Alloc.h */,
				A28DD3BC17C9A2BE00487FCD /* CpuArch.c */,
				A28DD3BD17C9A2BE00487FCD /* CpuArch.h */,
				A28DD3BE17C9A2BE00487FCD /* Delta.c */,
				A28DD3BF17C9A2BE00487FCD /* Delta.h */,
				A28DD3C017C9A2BE00487FCD /* LzHash.h */,
				A28DD3C117C9A2BE00487FCD /* Lzma2Dec.c */,
				A28DD3C217C9A2BE00487FCD /* Lzma2Dec.h */,
				A28DD3C317C9A2BE00487FCD /* LzmaDec.c */,
				A28DD3C417C9A2BE00487FCD /* LzmaDec.h */,
				A28DD3C517C9A2BE00487FCD /* LZMAExtractor.h */,
				A28DD3C617C9A2BE00487FCD /* LZMAExtractor.m */,
				A28DD3C717C9A2BE00487FCD /* Ppmd.h */,
				A28DD3C817C9A2BF00487FCD /* Ppmd7.c */,
				A28DD3C917C9A2BF00487FCD /* Ppmd7.h */,
				A28DD3CA17C9A2BF00487FCD /* Ppmd7Dec.c */,
				A28DD3CB17C9A2BF00487FCD /* Ppmd8.c */,
				A28DD3CC17C9A2BF00487FCD /* Ppmd8.h */,
				A28DD3CD17C9A2BF00487FCD /* Ppmd8Dec.c */,
				A28DD3CE17C9A2BF00487FCD /* RotateDefs.h */,
				A28DD3CF17C9A2BF00487FCD /* Types.h */,
				A28DD3D017C9A2BF00487FCD /* Util */,
			);
			name = LZMASDK;
			path = 7zip/Classes/LZMASDK;
			sourceTree = "<group>";
		};
		A28DD3D017C9A2BF00487FCD /* Util */ = {
			isa = PBXGroup;
			children = (
				A28DD3D117C9A2BF00487FCD /* 7z */,
			);
			path = Util;
			sourceTree = "<group>";
		};
		A28DD3D117C9A2BF00487FCD /* 7z */ = {
			isa = PBXGroup;
			children = (
				A28DD3D217C9A2BF00487FCD /* 7zAlloc.c */,
				A28DD3D317C9A2BF00487FCD /* 7zAlloc.h */,
				A28DD3D417C9A2BF00487FCD /* 7zMain.c */,
			);
			path = 7z;
			sourceTree = "<group>";
		};
		A28DD3F017C9ADB700487FCD /* Other Frameworks */ = {
			isa = PBXGroup;
			children = (
				A28DD3F117C9ADB700487FCD /* AppKit.framework */,
				A28DD3F217C9ADB700487FCD /* CoreData.framework */,
				A28DD3F317C9ADB700487FCD /* Foundation.framework */,
			);
			name = "Other Frameworks";
			sourceTree = "<group>";
		};
		A28DD3F417C9ADB700487FCD /* CivV+Workshop */ = {
			isa = PBXGroup;
			children = (
				A28DD3F517C9ADB700487FCD /* Supporting Files */,
			);
			path = "CivV+Workshop";
			sourceTree = "<group>";
		};
		A28DD3F517C9ADB700487FCD /* Supporting Files */ = {
			isa = PBXGroup;
			children = (
				A28DD40917C9AE8F00487FCD /* run.sh */,
				A28DD40A17C9AE8F00487FCD /* shortcut.icns */,
				A28DD40B17C9AE8F00487FCD /* steam_appid.txt */,
				A28DD3F617C9ADB700487FCD /* CivV+Workshop-Info.plist */,
			);
			name = "Supporting Files";
			sourceTree = "<group>";
		};
/* End PBXGroup section */

/* Begin PBXHeadersBuildPhase section */
		A28DD3A817C9A21700487FCD /* Headers */ = {
			isa = PBXHeadersBuildPhase;
			buildActionMask = 2147483647;
			files = (
			);
			runOnlyForDeploymentPostprocessing = 0;
		};
/* End PBXHeadersBuildPhase section */

/* Begin PBXNativeTarget section */
		A28DD38917C9192100487FCD /* CivVMacWorkshop */ = {
			isa = PBXNativeTarget;
			buildConfigurationList = A28DD39817C9192100487FCD /* Build configuration list for PBXNativeTarget "CivVMacWorkshop" */;
			buildPhases = (
				A28DD38617C9192100487FCD /* Sources */,
				A28DD38717C9192100487FCD /* Frameworks */,
				A28DD38817C9192100487FCD /* CopyFiles */,
			);
			buildRules = (
			);
			dependencies = (
				A28DD3E817C9A35D00487FCD /* PBXTargetDependency */,
			);
			name = CivVMacWorkshop;
			productName = CivVMacWorkshop;
			productReference = A28DD38A17C9192100487FCD /* CivVMacWorkshop */;
			productType = "com.apple.product-type.tool";
		};
		A28DD3A917C9A21700487FCD /* lib7zip */ = {
			isa = PBXNativeTarget;
			buildConfigurationList = A28DD3AB17C9A21800487FCD /* Build configuration list for PBXNativeTarget "lib7zip" */;
			buildPhases = (
				A28DD3A617C9A21700487FCD /* Sources */,
				A28DD3A717C9A21700487FCD /* Frameworks */,
				A28DD3A817C9A21700487FCD /* Headers */,
			);
			buildRules = (
			);
			dependencies = (
			);
			name = lib7zip;
			productName = lib7zip;
			productReference = A28DD3AA17C9A21700487FCD /* liblib7zip.a */;
			productType = "com.apple.product-type.library.static";
		};
		A28DD3EC17C9ADB700487FCD /* CivV+Workshop */ = {
			isa = PBXNativeTarget;
			buildConfigurationList = A28DD40617C9ADB700487FCD /* Build configuration list for PBXNativeTarget "CivV+Workshop" */;
			buildPhases = (
				A28DD3E917C9ADB700487FCD /* Sources */,
				A28DD3EA17C9ADB700487FCD /* Frameworks */,
				A28DD3EB17C9ADB700487FCD /* Resources */,
				A28DD40F17C9AECE00487FCD /* CopyFiles */,
			);
			buildRules = (
			);
			dependencies = (
				A28DD41317C9AEED00487FCD /* PBXTargetDependency */,
			);
			name = "CivV+Workshop";
			productName = "CivV+Workshop";
			productReference = A28DD3ED17C9ADB700487FCD /* CivV+Workshop.app */;
			productType = "com.apple.product-type.application";
		};
/* End PBXNativeTarget section */

/* Begin PBXProject section */
		A28DD38217C9192100487FCD /* Project object */ = {
			isa = PBXProject;
			attributes = {
				LastUpgradeCheck = 0460;
			};
			buildConfigurationList = A28DD38517C9192100487FCD /* Build configuration list for PBXProject "CivVMacWorkshop" */;
			compatibilityVersion = "Xcode 3.2";
			developmentRegion = English;
			hasScannedForEncodings = 0;
			knownRegions = (
				en,
			);
			mainGroup = A28DD38117C9192100487FCD;
			productRefGroup = A28DD38B17C9192100487FCD /* Products */;
			projectDirPath = "";
			projectRoot = "";
			targets = (
				A28DD38917C9192100487FCD /* CivVMacWorkshop */,
				A28DD3A917C9A21700487FCD /* lib7zip */,
				A28DD3EC17C9ADB700487FCD /* CivV+Workshop */,
			);
		};
/* End PBXProject section */

/* Begin PBXResourcesBuildPhase section */
		A28DD3EB17C9ADB700487FCD /* Resources */ = {
			isa = PBXResourcesBuildPhase;
			buildActionMask = 2147483647;
			files = (
				A28DD40D17C9AE8F00487FCD /* shortcut.icns in Resources */,
			);
			runOnlyForDeploymentPostprocessing = 0;
		};
/* End PBXResourcesBuildPhase section */

/* Begin PBXSourcesBuildPhase section */
		A28DD38617C9192100487FCD /* Sources */ = {
			isa = PBXSourcesBuildPhase;
			buildActionMask = 2147483647;
			files = (
				A28DD3A517C9A07300487FCD /* LZMAExtractor.m in Sources */,
				A28DD39117C9192100487FCD /* main.mm in Sources */,
			);
			runOnlyForDeploymentPostprocessing = 0;
		};
		A28DD3A617C9A21700487FCD /* Sources */ = {
			isa = PBXSourcesBuildPhase;
			buildActionMask = 2147483647;
			files = (
				A28DD3E517C9A30D00487FCD /* 7zAlloc.c in Sources */,
				A28DD3E617C9A30D00487FCD /* 7zMain.c in Sources */,
				A28DD3DC17C9A2E900487FCD /* CpuArch.c in Sources */,
				A28DD3E117C9A2E900487FCD /* Ppmd7.c in Sources */,
				A28DD3E217C9A2E900487FCD /* Ppmd7Dec.c in Sources */,
				A28DD3E317C9A2E900487FCD /* Ppmd8.c in Sources */,
				A28DD3E417C9A2E900487FCD /* Ppmd8Dec.c in Sources */,
				A28DD3D917C9A2E900487FCD /* 7zIn.c in Sources */,
				A28DD3D517C9A2E900487FCD /* 7zBuf.c in Sources */,
				A28DD3D617C9A2E900487FCD /* 7zBuf2.c in Sources */,
				A28DD3D717C9A2E900487FCD /* 7zDec.c in Sources */,
				A28DD3D817C9A2E900487FCD /* 7zFile.c in Sources */,
				A28DD3DA17C9A2E900487FCD /* 7zStream.c in Sources */,
				A28DD3DB17C9A2E900487FCD /* Alloc.c in Sources */,
				A28DD3DD17C9A2E900487FCD /* Delta.c in Sources */,
				A28DD3DE17C9A2E900487FCD /* Lzma2Dec.c in Sources */,
				A28DD3DF17C9A2E900487FCD /* LzmaDec.c in Sources */,
			);
			runOnlyForDeploymentPostprocessing = 0;
		};
		A28DD3E917C9ADB700487FCD /* Sources */ = {
			isa = PBXSourcesBuildPhase;
			buildActionMask = 2147483647;
			files = (
			);
			runOnlyForDeploymentPostprocessing = 0;
		};
/* End PBXSourcesBuildPhase section */

/* Begin PBXTargetDependency section */
		A28DD3E817C9A35D00487FCD /* PBXTargetDependency */ = {
			isa = PBXTargetDependency;
			target = A28DD3A917C9A21700487FCD /* lib7zip */;
			targetProxy = A28DD3E717C9A35D00487FCD /* PBXContainerItemProxy */;
		};
		A28DD41317C9AEED00487FCD /* PBXTargetDependency */ = {
			isa = PBXTargetDependency;
			target = A28DD38917C9192100487FCD /* CivVMacWorkshop */;
			targetProxy = A28DD41217C9AEED00487FCD /* PBXContainerItemProxy */;
		};
/* End PBXTargetDependency section */

/* Begin XCBuildConfiguration section */
		A28DD39617C9192100487FCD /* Debug */ = {
			isa = XCBuildConfiguration;
			buildSettings = {
				ALWAYS_SEARCH_USER_PATHS = NO;
				ARCHS = "$(ARCHS_STANDARD_32_BIT)";
				CLANG_CXX_LANGUAGE_STANDARD = "gnu++0x";
				CLANG_CXX_LIBRARY = "libc++";
				CLANG_WARN_CONSTANT_CONVERSION = YES;
				CLANG_WARN_EMPTY_BODY = YES;
				CLANG_WARN_ENUM_CONVERSION = YES;
				CLANG_WARN_INT_CONVERSION = YES;
				CLANG_WARN__DUPLICATE_METHOD_MATCH = YES;
				COPY_PHASE_STRIP = NO;
				GCC_C_LANGUAGE_STANDARD = gnu99;
				GCC_DYNAMIC_NO_PIC = NO;
				GCC_ENABLE_OBJC_EXCEPTIONS = YES;
				GCC_OPTIMIZATION_LEVEL = 0;
				GCC_PREPROCESSOR_DEFINITIONS = (
					"DEBUG=1",
					"$(inherited)",
				);
				GCC_SYMBOLS_PRIVATE_EXTERN = NO;
				GCC_WARN_64_TO_32_BIT_CONVERSION = YES;
				GCC_WARN_ABOUT_RETURN_TYPE = YES;
				GCC_WARN_UNINITIALIZED_AUTOS = YES;
				GCC_WARN_UNUSED_VARIABLE = YES;
				HEADER_SEARCH_PATHS = "";
				MACOSX_DEPLOYMENT_TARGET = 10.8;
				ONLY_ACTIVE_ARCH = YES;
				SDKROOT = macosx;
				USER_HEADER_SEARCH_PATHS = "\"OSW/Open Steamworks\" 7zip/Classes/LZMASDK";
				VALID_ARCHS = i386;
			};
			name = Debug;
		};
		A28DD39717C9192100487FCD /* Release */ = {
			isa = XCBuildConfiguration;
			buildSettings = {
				ALWAYS_SEARCH_USER_PATHS = NO;
				ARCHS = "$(ARCHS_STANDARD_32_BIT)";
				CLANG_CXX_LANGUAGE_STANDARD = "gnu++0x";
				CLANG_CXX_LIBRARY = "libc++";
				CLANG_WARN_CONSTANT_CONVERSION = YES;
				CLANG_WARN_EMPTY_BODY = YES;
				CLANG_WARN_ENUM_CONVERSION = YES;
				CLANG_WARN_INT_CONVERSION = YES;
				CLANG_WARN__DUPLICATE_METHOD_MATCH = YES;
				COPY_PHASE_STRIP = YES;
				DEBUG_INFORMATION_FORMAT = "dwarf-with-dsym";
				GCC_C_LANGUAGE_STANDARD = gnu99;
				GCC_ENABLE_OBJC_EXCEPTIONS = YES;
				GCC_WARN_64_TO_32_BIT_CONVERSION = YES;
				GCC_WARN_ABOUT_RETURN_TYPE = YES;
				GCC_WARN_UNINITIALIZED_AUTOS = YES;
				GCC_WARN_UNUSED_VARIABLE = YES;
				HEADER_SEARCH_PATHS = "";
				MACOSX_DEPLOYMENT_TARGET = 10.8;
				SDKROOT = macosx;
				USER_HEADER_SEARCH_PATHS = "\"OSW/Open Steamworks\" 7zip/Classes/LZMASDK";
				VALID_ARCHS = i386;
			};
			name = Release;
		};
		A28DD39917C9192100487FCD /* Debug */ = {
			isa = XCBuildConfiguration;
			buildSettings = {
				GCC_PRECOMPILE_PREFIX_HEADER = YES;
				GCC_PREFIX_HEADER = "CivVMacWorkshop/CivVMacWorkshop-Prefix.pch";
				LIBRARY_SEARCH_PATHS = (
					"$(inherited)",
					"\"$(SYSTEM_APPS_DIR)/Steam.app/Contents/MacOS/osx32\"",
					"\"$(SRCROOT)/../../Library/Application Support/Steam/SteamApps/common/Sid Meier's Civilization V/Civilization V.app/Contents/MacOS\"",
				);
				PRODUCT_NAME = "$(TARGET_NAME)";
			};
			name = Debug;
		};
		A28DD39A17C9192100487FCD /* Release */ = {
			isa = XCBuildConfiguration;
			buildSettings = {
				GCC_PRECOMPILE_PREFIX_HEADER = YES;
				GCC_PREFIX_HEADER = "CivVMacWorkshop/CivVMacWorkshop-Prefix.pch";
				LIBRARY_SEARCH_PATHS = (
					"$(inherited)",
					"\"$(SYSTEM_APPS_DIR)/Steam.app/Contents/MacOS/osx32\"",
					"\"$(SRCROOT)/../../Library/Application Support/Steam/SteamApps/common/Sid Meier's Civilization V/Civilization V.app/Contents/MacOS\"",
				);
				PRODUCT_NAME = "$(TARGET_NAME)";
			};
			name = Release;
		};
		A28DD3AC17C9A21800487FCD /* Debug */ = {
			isa = XCBuildConfiguration;
			buildSettings = {
				EXECUTABLE_PREFIX = lib;
				PRODUCT_NAME = "$(TARGET_NAME)";
			};
			name = Debug;
		};
		A28DD3AD17C9A21800487FCD /* Release */ = {
			isa = XCBuildConfiguration;
			buildSettings = {
				EXECUTABLE_PREFIX = lib;
				PRODUCT_NAME = "$(TARGET_NAME)";
			};
			name = Release;
		};
		A28DD40717C9ADB700487FCD /* Debug */ = {
			isa = XCBuildConfiguration;
			buildSettings = {
				COMBINE_HIDPI_IMAGES = YES;
				GCC_PRECOMPILE_PREFIX_HEADER = YES;
				GCC_PREFIX_HEADER = "CivV+Workshop/CivV+Workshop-Prefix.pch";
				INFOPLIST_FILE = "CivV+Workshop/CivV+Workshop-Info.plist";
				MACOSX_DEPLOYMENT_TARGET = 10.6;
				PRODUCT_NAME = "$(TARGET_NAME)";
				WRAPPER_EXTENSION = app;
			};
			name = Debug;
		};
		A28DD40817C9ADB700487FCD /* Release */ = {
			isa = XCBuildConfiguration;
			buildSettings = {
				COMBINE_HIDPI_IMAGES = YES;
				GCC_PRECOMPILE_PREFIX_HEADER = YES;
				GCC_PREFIX_HEADER = "CivV+Workshop/CivV+Workshop-Prefix.pch";
				INFOPLIST_FILE = "CivV+Workshop/CivV+Workshop-Info.plist";
				MACOSX_DEPLOYMENT_TARGET = 10.6;
				PRODUCT_NAME = "$(TARGET_NAME)";
				WRAPPER_EXTENSION = app;
			};
			name = Release;
		};
/* End XCBuildConfiguration section */

/* Begin XCConfigurationList section */
		A28DD38517C9192100487FCD /* Build configuration list for PBXProject "CivVMacWorkshop" */ = {
			isa = XCConfigurationList;
			buildConfigurations = (
				A28DD39617C9192100487FCD /* Debug */,
				A28DD39717C9192100487FCD /* Release */,
			);
			defaultConfigurationIsVisible = 0;
			defaultConfigurationName = Release;
		};
		A28DD39817C9192100487FCD /* Build configuration list for PBXNativeTarget "CivVMacWorkshop" */ = {
			isa = XCConfigurationList;
			buildConfigurations = (
				A28DD39917C9192100487FCD /* Debug */,
				A28DD39A17C9192100487FCD /* Release */,
			);
			defaultConfigurationIsVisible = 0;
			defaultConfigurationName = Release;
		};
		A28DD3AB17C9A21800487FCD /* Build configuration list for PBXNativeTarget "lib7zip" */ = {
			isa = XCConfigurationList;
			buildConfigurations = (
				A28DD3AC17C9A21800487FCD /* Debug */,
				A28DD3AD17C9A21800487FCD /* Release */,
			);
			defaultConfigurationIsVisible = 0;
			defaultConfigurationName = Release;
		};
		A28DD40617C9ADB700487FCD /* Build configuration list for PBXNativeTarget "CivV+Workshop" */ = {
			isa = XCConfigurationList;
			buildConfigurations = (
				A28DD40717C9ADB700487FCD /* Debug */,
				A28DD40817C9ADB700487FCD /* Release */,
			);
			defaultConfigurationIsVisible = 0;
			defaultConfigurationName = Release;
		};
/* End XCConfigurationList section */
	};
	rootObject = A28DD38217C9192100487FCD /* Project object */;
}
