// !$*UTF8*$!
{
	archiveVersion = 1;
	classes = {
	};
	objectVersion = 46;
	objects = {

/* Begin PBXBuildFile section */
		A28DD38E17C9192100487FCD /* Foundation.framework in Frameworks */ = {isa = PBXBuildFile; fileRef = A28DD38D17C9192100487FCD /* Foundation.framework */; };
		A28DD39117C9192100487FCD /* main.m in Sources */ = {isa = PBXBuildFile; fileRef = A28DD39017C9192100487FCD /* main.m */; };
/* End PBXBuildFile section */

/* Begin PBXCopyFilesBuildPhase section */
		A28DD38817C9192100487FCD /* CopyFiles */ = {
			isa = PBXCopyFilesBuildPhase;
			buildActionMask = 2147483647;
			dstPath = /usr/share/man/man1/;
			dstSubfolderSpec = 0;
			files = (
			);
			runOnlyForDeploymentPostprocessing = 1;
		};
/* End PBXCopyFilesBuildPhase section */

/* Begin PBXFileReference section */
		A28DD38A17C9192100487FCD /* CivVMacWorkshop */ = {isa = PBXFileReference; explicitFileType = "compiled.mach-o.executable"; includeInIndex = 0; path = CivVMacWorkshop; sourceTree = BUILT_PRODUCTS_DIR; };
		A28DD38D17C9192100487FCD /* Foundation.framework */ = {isa = PBXFileReference; lastKnownFileType = wrapper.framework; name = Foundation.framework; path = System/Library/Frameworks/Foundation.framework; sourceTree = SDKROOT; };
		A28DD39017C9192100487FCD /* main.m */ = {isa = PBXFileReference; lastKnownFileType = sourcecode.c.objc; path = main.m; sourceTree = "<group>"; };
		A28DD39317C9192100487FCD /* CivVMacWorkshop-Prefix.pch */ = {isa = PBXFileReference; lastKnownFileType = sourcecode.c.h; path = "CivVMacWorkshop-Prefix.pch"; sourceTree = "<group>"; };
/* End PBXFileReference section */

/* Begin PBXFrameworksBuildPhase section */
		A28DD38717C9192100487FCD /* Frameworks */ = {
			isa = PBXFrameworksBuildPhase;
			buildActionMask = 2147483647;
			files = (
				A28DD38E17C9192100487FCD /* Foundation.framework in Frameworks */,
			);
			runOnlyForDeploymentPostprocessing = 0;
		};
/* End PBXFrameworksBuildPhase section */

/* Begin PBXGroup section */
		A28DD38117C9192100487FCD = {
			isa = PBXGroup;
			children = (
				A28DD38F17C9192100487FCD /* CivVMacWorkshop */,
				A28DD38C17C9192100487FCD /* Frameworks */,
				A28DD38B17C9192100487FCD /* Products */,
			);
			sourceTree = "<group>";
		};
		A28DD38B17C9192100487FCD /* Products */ = {
			isa = PBXGroup;
			children = (
				A28DD38A17C9192100487FCD /* CivVMacWorkshop */,
			);
			name = Products;
			sourceTree = "<group>";
		};
		A28DD38C17C9192100487FCD /* Frameworks */ = {
			isa = PBXGroup;
			children = (
				A28DD38D17C9192100487FCD /* Foundation.framework */,
			);
			name = Frameworks;
			sourceTree = "<group>";
		};
		A28DD38F17C9192100487FCD /* CivVMacWorkshop */ = {
			isa = PBXGroup;
			children = (
				A28DD39017C9192100487FCD /* main.m */,
				A28DD39217C9192100487FCD /* Supporting Files */,
			);
			path = CivVMacWorkshop;
			sourceTree = "<group>";
		};
		A28DD39217C9192100487FCD /* Supporting Files */ = {
			isa = PBXGroup;
			children = (
				A28DD39317C9192100487FCD /* CivVMacWorkshop-Prefix.pch */,
			);
			name = "Supporting Files";
			sourceTree = "<group>";
		};
/* End PBXGroup section */

/* Begin PBXNativeTarget section */
		A28DD38917C9192100487FCD /* CivVMacWorkshop */ = {
			isa = PBXNativeTarget;
			buildConfigurationList = A28DD39817C9192100487FCD /* Build configuration list for PBXNativeTarget "CivVMacWorkshop" */;
			buildPhases = (
				A28DD38617C9192100487FCD /* Sources */,
				A28DD38717C9192100487FCD /* Frameworks */,
				A28DD38817C9192100487FCD /* CopyFiles */,
			);
			buildRules = (
			);
			dependencies = (
			);
			name = CivVMacWorkshop;
			productName = CivVMacWorkshop;
			productReference = A28DD38A17C9192100487FCD /* CivVMacWorkshop */;
			productType = "com.apple.product-type.tool";
		};
/* End PBXNativeTarget section */

/* Begin PBXProject section */
		A28DD38217C9192100487FCD /* Project object */ = {
			isa = PBXProject;
			attributes = {
				LastUpgradeCheck = 0460;
			};
			buildConfigurationList = A28DD38517C9192100487FCD /* Build configuration list for PBXProject "CivVMacWorkshop" */;
			compatibilityVersion = "Xcode 3.2";
			developmentRegion = English;
			hasScannedForEncodings = 0;
			knownRegions = (
				en,
			);
			mainGroup = A28DD38117C9192100487FCD;
			productRefGroup = A28DD38B17C9192100487FCD /* Products */;
			projectDirPath = "";
			projectRoot = "";
			targets = (
				A28DD38917C9192100487FCD /* CivVMacWorkshop */,
			);
		};
/* End PBXProject section */

/* Begin PBXSourcesBuildPhase section */
		A28DD38617C9192100487FCD /* Sources */ = {
			isa = PBXSourcesBuildPhase;
			buildActionMask = 2147483647;
			files = (
				A28DD39117C9192100487FCD /* main.m in Sources */,
			);
			runOnlyForDeploymentPostprocessing = 0;
		};
/* End PBXSourcesBuildPhase section */

/* Begin XCBuildConfiguration section */
		A28DD39617C9192100487FCD /* Debug */ = {
			isa = XCBuildConfiguration;
			buildSettings = {
				ALWAYS_SEARCH_USER_PATHS = NO;
				ARCHS = "$(ARCHS_STANDARD_64_BIT)";
				CLANG_CXX_LANGUAGE_STANDARD = "gnu++0x";
				CLANG_CXX_LIBRARY = "libc++";
				CLANG_ENABLE_OBJC_ARC = YES;
				CLANG_WARN_CONSTANT_CONVERSION = YES;
				CLANG_WARN_EMPTY_BODY = YES;
				CLANG_WARN_ENUM_CONVERSION = YES;
				CLANG_WARN_INT_CONVERSION = YES;
				CLANG_WARN__DUPLICATE_METHOD_MATCH = YES;
				COPY_PHASE_STRIP = NO;
				GCC_C_LANGUAGE_STANDARD = gnu99;
				GCC_DYNAMIC_NO_PIC = NO;
				GCC_ENABLE_OBJC_EXCEPTIONS = YES;
				GCC_OPTIMIZATION_LEVEL = 0;
				GCC_PREPROCESSOR_DEFINITIONS = (
					"DEBUG=1",
					"$(inherited)",
				);
				GCC_SYMBOLS_PRIVATE_EXTERN = NO;
				GCC_WARN_64_TO_32_BIT_CONVERSION = YES;
				GCC_WARN_ABOUT_RETURN_TYPE = YES;
				GCC_WARN_UNINITIALIZED_AUTOS = YES;
				GCC_WARN_UNUSED_VARIABLE = YES;
				MACOSX_DEPLOYMENT_TARGET = 10.8;
				ONLY_ACTIVE_ARCH = YES;
				SDKROOT = macosx;
			};
			name = Debug;
		};
		A28DD39717C9192100487FCD /* Release */ = {
			isa = XCBuildConfiguration;
			buildSettings = {
				ALWAYS_SEARCH_USER_PATHS = NO;
				ARCHS = "$(ARCHS_STANDARD_64_BIT)";
				CLANG_CXX_LANGUAGE_STANDARD = "gnu++0x";
				CLANG_CXX_LIBRARY = "libc++";
				CLANG_ENABLE_OBJC_ARC = YES;
				CLANG_WARN_CONSTANT_CONVERSION = YES;
				CLANG_WARN_EMPTY_BODY = YES;
				CLANG_WARN_ENUM_CONVERSION = YES;
				CLANG_WARN_INT_CONVERSION = YES;
				CLANG_WARN__DUPLICATE_METHOD_MATCH = YES;
				COPY_PHASE_STRIP = YES;
				DEBUG_INFORMATION_FORMAT = "dwarf-with-dsym";
				GCC_C_LANGUAGE_STANDARD = gnu99;
				GCC_ENABLE_OBJC_EXCEPTIONS = YES;
				GCC_WARN_64_TO_32_BIT_CONVERSION = YES;
				GCC_WARN_ABOUT_RETURN_TYPE = YES;
				GCC_WARN_UNINITIALIZED_AUTOS = YES;
				GCC_WARN_UNUSED_VARIABLE = YES;
				MACOSX_DEPLOYMENT_TARGET = 10.8;
				SDKROOT = macosx;
			};
			name = Release;
		};
		A28DD39917C9192100487FCD /* Debug */ = {
			isa = XCBuildConfiguration;
			buildSettings = {
				GCC_PRECOMPILE_PREFIX_HEADER = YES;
				GCC_PREFIX_HEADER = "CivVMacWorkshop/CivVMacWorkshop-Prefix.pch";
				PRODUCT_NAME = "$(TARGET_NAME)";
			};
			name = Debug;
		};
		A28DD39A17C9192100487FCD /* Release */ = {
			isa = XCBuildConfiguration;
			buildSettings = {
				GCC_PRECOMPILE_PREFIX_HEADER = YES;
				GCC_PREFIX_HEADER = "CivVMacWorkshop/CivVMacWorkshop-Prefix.pch";
				PRODUCT_NAME = "$(TARGET_NAME)";
			};
			name = Release;
		};
/* End XCBuildConfiguration section */

/* Begin XCConfigurationList section */
		A28DD38517C9192100487FCD /* Build configuration list for PBXProject "CivVMacWorkshop" */ = {
			isa = XCConfigurationList;
			buildConfigurations = (
				A28DD39617C9192100487FCD /* Debug */,
				A28DD39717C9192100487FCD /* Release */,
			);
			defaultConfigurationIsVisible = 0;
			defaultConfigurationName = Release;
		};
		A28DD39817C9192100487FCD /* Build configuration list for PBXNativeTarget "CivVMacWorkshop" */ = {
			isa = XCConfigurationList;
			buildConfigurations = (
				A28DD39917C9192100487FCD /* Debug */,
				A28DD39A17C9192100487FCD /* Release */,
			);
			defaultConfigurationIsVisible = 0;
			defaultConfigurationName = Release;
		};
/* End XCConfigurationList section */
	};
	rootObject = A28DD38217C9192100487FCD /* Project object */;
}
